<?xml version="1.0" encoding="UTF-8" standalone="yes" ?>
<CodeBlocks_project_file>
	<FileVersion major="1" minor="6" />
	<Project>
		<Option title="GnuGk" />
		<Option makefile_is_custom="1" />
		<Option pch_mode="2" />
		<Option compiler="gcc" />
		<MakeCommands>
			<Build command="$make -f $makefile $target" />
			<CompileFile command="$make -f $makefile $file" />
			<Clean command="$make -f $makefile clean" />
			<DistClean command="$make -f $makefile distclean$target" />
			<AskRebuildNeeded command="$make -q -f $makefile $target" />
			<SilentBuild command="$make -f $makefile $target &gt; $(CMD_NULL)" />
		</MakeCommands>
		<Build>
			<Target title="optnoshared">
				<Option platforms="Unix;" />
				<Option output="obj_linux_x86_64_r/gnugk" prefix_auto="0" extension_auto="0" />
				<Option working_dir="obj_linux_x86_64_r" />
				<Option type="1" />
				<Option compiler="gcc" />
				<Option use_console_runner="0" />
				<Option parameters="-c /home/jan/tmp/2.2/stat.ini" />
				<Compiler>
					<Add directory="${PTLIBDIR}/include" />
					<Add directory="${OPENH323DIR}/include" />
				</Compiler>
				<MakeCommands>
					<Build command="$make -f $makefile $target" />
					<CompileFile command="$make -f $makefile $file" />
					<Clean command="$make -f $makefile clean" />
					<DistClean command="$make -f $makefile distclean$target" />
					<AskRebuildNeeded command="$make -q -f $makefile $target" />
					<SilentBuild command="$make -f $makefile $target &gt; $(CMD_NULL)" />
				</MakeCommands>
			</Target>
			<Target title="debug">
				<Option platforms="Unix;" />
				<Option output="obj_linux_x86_64_d/gnugk" prefix_auto="0" extension_auto="0" />
				<Option working_dir="obj_linux_x86_64_d" />
				<Option type="1" />
				<Option compiler="gcc" />
				<Option use_console_runner="0" />
				<Option parameters="-c /home/jan/tmp/2.2/stat.ini" />
				<Compiler>
					<Add directory="${PTLIBDIR}/include" />
					<Add directory="${OPENH323DIR}/include" />
				</Compiler>
				<MakeCommands>
					<Build command="$make -f $makefile $target" />
					<CompileFile command="$make -f $makefile $file" />
					<Clean command="$make -f $makefile clean" />
					<DistClean command="$make -f $makefile clean" />
					<AskRebuildNeeded command="$make -q -f $makefile $target" />
					<SilentBuild command="$make -f $makefile $target &gt; $(CMD_NULL)" />
				</MakeCommands>
			</Target>
			<Target title="debugnoshared">
				<Option platforms="Unix;" />
				<Option output="obj_linux_x86_64_d_s/gnugk" prefix_auto="0" extension_auto="0" />
				<Option working_dir="obj_linux_x86_64_d_s" />
				<Option type="1" />
				<Option compiler="gcc" />
				<Option use_console_runner="0" />
				<Option parameters="-c /home/jan/tmp/2.2/stat.ini" />
				<Compiler>
					<Add directory="${PTLIBDIR}/include" />
					<Add directory="${OPENH323DIR}/include" />
				</Compiler>
				<MakeCommands>
					<Build command="$make -f $makefile $target" />
					<CompileFile command="$make -f $makefile $file" />
					<Clean command="$make -f $makefile clean" />
					<DistClean command="$make -f $makefile clean" />
					<AskRebuildNeeded command="$make -q -f $makefile $target" />
					<SilentBuild command="$make -f $makefile $target &gt; $(CMD_NULL)" />
				</MakeCommands>
			</Target>
		</Build>
		<Unit filename="CMakeLists.txt" />
		<Unit filename="GkClient.cxx" />
		<Unit filename="GkClient.h" />
		<Unit filename="GkStatus.cxx" />
		<Unit filename="GkStatus.h" />
		<Unit filename="H46023_license.txt" />
		<Unit filename="MakeCall.cxx" />
		<Unit filename="MakeCall.h" />
		<Unit filename="Neighbor.cxx" />
		<Unit filename="Neighbor.h" />
		<Unit filename="ProxyChannel.cxx" />
		<Unit filename="ProxyChannel.h" />
		<Unit filename="ProxyChannel.t.cxx" />
		<Unit filename="RasPDU.h" />
		<Unit filename="RasSrv.cxx" />
		<Unit filename="RasSrv.h" />
		<Unit filename="RasTbl.cxx" />
		<Unit filename="RasTbl.h" />
		<Unit filename="RequireOneNet.cxx" />
		<Unit filename="RequireOneNet.h" />
		<Unit filename="Routing.cxx" />
		<Unit filename="Routing.h" />
		<Unit filename="SoftPBX.cxx" />
		<Unit filename="SoftPBX.h" />
		<Unit filename="Toolkit.cxx" />
		<Unit filename="Toolkit.h" />
		<Unit filename="Toolkit.t.cxx" />
		<Unit filename="amqpacct.cxx" />
		<Unit filename="authenticators.cxx" />
		<Unit filename="authenticators.h" />
		<Unit filename="capctrl.cxx" />
		<Unit filename="capctrl.h" />
		<Unit filename="changes.txt" />
		<Unit filename="cisco.asn" />
		<Unit filename="cisco.cxx" />
		<Unit filename="cisco.h" />
		<Unit filename="clirw.cxx" />
		<Unit filename="clirw.h" />
		<Unit filename="config.h" />
		<Unit filename="configure.in" />
		<Unit filename="copying" />
		<Unit filename="factory.h" />
		<Unit filename="forwarding.cxx" />
		<Unit filename="geoip.cxx" />
		<Unit filename="gk.cxx" />
		<Unit filename="gk.h" />
		<Unit filename="gk_const.h" />
		<Unit filename="gkacct.cxx" />
		<Unit filename="gkacct.h" />
		<Unit filename="gkauth.cxx" />
		<Unit filename="gkauth.h" />
		<Unit filename="gkconfig.cxx" />
		<Unit filename="gkconfig.h" />
		<Unit filename="gkh235.cxx" />
		<Unit filename="gkh235.h" />
		<Unit filename="gksql.cxx" />
		<Unit filename="gksql.h" />
		<Unit filename="gksql_firebird.cxx" />
		<Unit filename="gksql_mysql.cxx" />
		<Unit filename="gksql_odbc.cxx" />
		<Unit filename="gksql_pgsql.cxx" />
		<Unit filename="gksql_redis.cxx" />
		<Unit filename="gksql_sqlite.cxx" />
		<Unit filename="gktimer.cxx" />
		<Unit filename="gktimer.h" />
		<Unit filename="gnugkbuildopts.h" />
		<Unit filename="gnugkbuildopts.h.in" />
		<Unit filename="h323util.cxx" />
		<Unit filename="h323util.h" />
		<Unit filename="h323util.t.cxx" />
		<Unit filename="h460presence.cxx" />
		<Unit filename="h460presence.h" />
		<Unit filename="httpacct.cxx" />
		<Unit filename="httpacct.h" />
		<Unit filename="ipauth.cxx" />
		<Unit filename="ipauth.h" />
		<Unit filename="job.cxx" />
		<Unit filename="job.h" />
		<Unit filename="ldap.cxx" />
		<Unit filename="lua.cxx" />
		<Unit filename="name.h" />
		<Unit filename="radacct.cxx" />
		<Unit filename="radacct.h" />
		<Unit filename="radauth.cxx" />
		<Unit filename="radauth.h" />
		<Unit filename="radproto.cxx" />
		<Unit filename="radproto.h" />
		<Unit filename="rasinfo.h" />
		<Unit filename="rwlock.h" />
		<Unit filename="sigmsg.cxx" />
		<Unit filename="sigmsg.h" />
		<Unit filename="singleton.cxx" />
		<Unit filename="singleton.h" />
		<Unit filename="snmp.cxx" />
		<Unit filename="snmp.h" />
		<Unit filename="sqlacct.cxx" />
		<Unit filename="sqlacct.h" />
		<Unit filename="sqlauth.cxx" />
		<Unit filename="statusacct.cxx" />
		<Unit filename="statusacct.h" />
		<Unit filename="stl_supp.h" />
		<Unit filename="syslogacct.cxx" />
		<Unit filename="syslogacct.h" />
		<Unit filename="testrunner.cxx" />
		<Unit filename="version.cxx" />
		<Unit filename="version.h" />
		<Unit filename="yasocket.cxx" />
		<Unit filename="yasocket.h" />
		<Extensions />
	</Project>
</CodeBlocks_project_file>
