Microsoft Visual Studio Solution File, Format Version 8.00
Project("{8BC9CEB8-8B4A-11D0-8D11-00A0C91BC942}") = "gk", "gk.vcproj", "{C5052DDD-FADC-4415-B235-92A9761BB21D}"
	ProjectSection(ProjectDependencies) = postProject
	EndProjectSection
EndProject
Global
	GlobalSection(SolutionConfiguration) = preSolution
		Debug = Debug
		Debug (h323plus) = Debug (h323plus)
		Debug (ptlib 1.11+) = Debug (ptlib 1.11+)
		Release = Release
		Release (h323plus) = Release (h323plus)
		Release (ptlib 1.11+) = Release (ptlib 1.11+)
	EndGlobalSection
	GlobalSection(ProjectConfiguration) = postSolution
		{C5052DDD-FADC-4415-B235-92A9761BB21D}.Debug.ActiveCfg = Debug|Win32
		{C5052DDD-FADC-4415-B235-92A9761BB21D}.Debug.Build.0 = Debug|Win32
		{C5052DDD-FADC-4415-B235-92A9761BB21D}.Debug (h323plus).ActiveCfg = Debug (h323plus)|Win32
		{C5052DDD-FADC-4415-B235-92A9761BB21D}.Debug (h323plus).Build.0 = Debug (h323plus)|Win32
		{C5052DDD-FADC-4415-B235-92A9761BB21D}.Debug (ptlib 1.11+).ActiveCfg = Debug (ptlib 1.11)|Win32
		{C5052DDD-FADC-4415-B235-92A9761BB21D}.Debug (ptlib 1.11+).Build.0 = Debug (ptlib 1.11)|Win32
		{C5052DDD-FADC-4415-B235-92A9761BB21D}.Release.ActiveCfg = Release|Win32
		{C5052DDD-FADC-4415-B235-92A9761BB21D}.Release.Build.0 = Release|Win32
		{C5052DDD-FADC-4415-B235-92A9761BB21D}.Release (h323plus).ActiveCfg = Release (h323plus)|Win32
		{C5052DDD-FADC-4415-B235-92A9761BB21D}.Release (h323plus).Build.0 = Release (h323plus)|Win32
		{C5052DDD-FADC-4415-B235-92A9761BB21D}.Release (ptlib 1.11+).ActiveCfg = Release (ptlib +1.11)|Win32
		{C5052DDD-FADC-4415-B235-92A9761BB21D}.Release (ptlib 1.11+).Build.0 = Release (ptlib +1.11)|Win32
	EndGlobalSection
	GlobalSection(ExtensibilityGlobals) = postSolution
	EndGlobalSection
	GlobalSection(ExtensibilityAddIns) = postSolution
	EndGlobalSection
EndGlobal
